
Microsoft Visual Studio Solution File, Format Version 12.00
# Visual Studio Version 16
VisualStudioVersion = 16.0.29025.244
MinimumVisualStudioVersion = 10.0.40219.1
Project("{888888A0-9F3D-457C-B088-3A5042F75D52}") = "bot_el", "bot_el\bot_el.pyproj", "{1616B41F-D62B-442F-ADA0-DAC54A694A27}"
EndProject
Global
	GlobalSection(SolutionConfigurationPlatforms) = preSolution
		Debug|Any CPU = Debug|Any CPU
		Release|Any CPU = Release|Any CPU
	EndGlobalSection
	GlobalSection(ProjectConfigurationPlatforms) = postSolution
		{1616B41F-D62B-442F-ADA0-DAC54A694A27}.Debug|Any CPU.ActiveCfg = Debug|Any CPU
		{1616B41F-D62B-442F-ADA0-DAC54A694A27}.Release|Any CPU.ActiveCfg = Release|Any CPU
	EndGlobalSection
	GlobalSection(SolutionProperties) = preSolution
		HideSolutionNode = FALSE
	EndGlobalSection
	GlobalSection(ExtensibilityGlobals) = postSolution
		SolutionGuid = {4527A45A-A705-4B98-BA28-8AE79388AD3F}
	EndGlobalSection
EndGlobal
